
Microsoft Visual Studio Solution File, Format Version 12.00
# Visual Studio Version 17
VisualStudioVersion = 17.6.33829.357
MinimumVisualStudioVersion = 10.0.40219.1
Project("{FAE04EC0-301F-11D3-BF4B-00C04F79EFBC}") = "ETickets", "ETickets.csproj", "{FD4CA286-750E-4E50-95F6-42164B26CE22}"
EndProject
Global
	GlobalSection(SolutionConfigurationPlatforms) = preSolution
		Debug|Any CPU = Debug|Any CPU
		Release|Any CPU = Release|Any CPU
	EndGlobalSection
	GlobalSection(ProjectConfigurationPlatforms) = postSolution
		{FD4CA286-750E-4E50-95F6-42164B26CE22}.Debug|Any CPU.ActiveCfg = Debug|Any CPU
		{FD4CA286-750E-4E50-95F6-42164B26CE22}.Debug|Any CPU.Build.0 = Debug|Any CPU
		{FD4CA286-750E-4E50-95F6-42164B26CE22}.Release|Any CPU.ActiveCfg = Release|Any CPU
		{FD4CA286-750E-4E50-95F6-42164B26CE22}.Release|Any CPU.Build.0 = Release|Any CPU
	EndGlobalSection
	GlobalSection(SolutionProperties) = preSolution
		HideSolutionNode = FALSE
	EndGlobalSection
	GlobalSection(ExtensibilityGlobals) = postSolution
		SolutionGuid = {9762FFEA-7366-4235-A63F-723B24523D1D}
	EndGlobalSection
EndGlobal
